
Microsoft Visual Studio Solution File, Format Version 12.00
# Visual Studio Version 17
VisualStudioVersion = 17.0.31903.59
MinimumVisualStudioVersion = 10.0.40219.1
Project("{FAE04EC0-301F-11D3-BF4B-00C04F79EFBC}") = "ImproveByFaz.Domain", "ImproveByFaz.Domain\ImproveByFaz.Domain.csproj", "{9115DDA7-C059-48D7-8EF2-F7B0834A0F7B}"
EndProject
Project("{FAE04EC0-301F-11D3-BF4B-00C04F79EFBC}") = "ImproveByFaz.Application", "ImproveByFaz.Application\ImproveByFaz.Application.csproj", "{10AD1C7E-F4EF-4E5B-A695-013BA4848F4D}"
EndProject
Project("{FAE04EC0-301F-11D3-BF4B-00C04F79EFBC}") = "ImproveByFaz.Infrastructure", "ImproveByFaz.Infrastructure\ImproveByFaz.Infrastructure.csproj", "{AB9C59DE-8076-4715-A8F7-43030A4CE814}"
EndProject
Project("{FAE04EC0-301F-11D3-BF4B-00C04F79EFBC}") = "ImproveByFaz.Tests", "ImproveByFaz.Tests\ImproveByFaz.Tests.csproj", "{A2BC335C-BA32-462D-9B5F-7C41E0065D30}"
EndProject
Project("{FAE04EC0-301F-11D3-BF4B-00C04F79EFBC}") = "ImproveByFaz.API", "ImproveByFaz.API\ImproveByFaz.API.csproj", "{C1B64A64-4433-451A-9BE7-06A5D6574042}"
EndProject
Global
	GlobalSection(SolutionConfigurationPlatforms) = preSolution
		Debug|Any CPU = Debug|Any CPU
		Release|Any CPU = Release|Any CPU
	EndGlobalSection
	GlobalSection(ProjectConfigurationPlatforms) = postSolution
		{9115DDA7-C059-48D7-8EF2-F7B0834A0F7B}.Debug|Any CPU.ActiveCfg = Debug|Any CPU
		{9115DDA7-C059-48D7-8EF2-F7B0834A0F7B}.Debug|Any CPU.Build.0 = Debug|Any CPU
		{9115DDA7-C059-48D7-8EF2-F7B0834A0F7B}.Release|Any CPU.ActiveCfg = Release|Any CPU
		{9115DDA7-C059-48D7-8EF2-F7B0834A0F7B}.Release|Any CPU.Build.0 = Release|Any CPU
		{10AD1C7E-F4EF-4E5B-A695-013BA4848F4D}.Debug|Any CPU.ActiveCfg = Debug|Any CPU
		{10AD1C7E-F4EF-4E5B-A695-013BA4848F4D}.Debug|Any CPU.Build.0 = Debug|Any CPU
		{10AD1C7E-F4EF-4E5B-A695-013BA4848F4D}.Release|Any CPU.ActiveCfg = Release|Any CPU
		{10AD1C7E-F4EF-4E5B-A695-013BA4848F4D}.Release|Any CPU.Build.0 = Release|Any CPU
		{AB9C59DE-8076-4715-A8F7-43030A4CE814}.Debug|Any CPU.ActiveCfg = Debug|Any CPU
		{AB9C59DE-8076-4715-A8F7-43030A4CE814}.Debug|Any CPU.Build.0 = Debug|Any CPU
		{AB9C59DE-8076-4715-A8F7-43030A4CE814}.Release|Any CPU.ActiveCfg = Release|Any CPU
		{AB9C59DE-8076-4715-A8F7-43030A4CE814}.Release|Any CPU.Build.0 = Release|Any CPU
		{A2BC335C-BA32-462D-9B5F-7C41E0065D30}.Debug|Any CPU.ActiveCfg = Debug|Any CPU
		{A2BC335C-BA32-462D-9B5F-7C41E0065D30}.Debug|Any CPU.Build.0 = Debug|Any CPU
		{A2BC335C-BA32-462D-9B5F-7C41E0065D30}.Release|Any CPU.ActiveCfg = Release|Any CPU
		{A2BC335C-BA32-462D-9B5F-7C41E0065D30}.Release|Any CPU.Build.0 = Release|Any CPU
		{C1B64A64-4433-451A-9BE7-06A5D6574042}.Debug|Any CPU.ActiveCfg = Debug|Any CPU
		{C1B64A64-4433-451A-9BE7-06A5D6574042}.Debug|Any CPU.Build.0 = Debug|Any CPU
		{C1B64A64-4433-451A-9BE7-06A5D6574042}.Release|Any CPU.ActiveCfg = Release|Any CPU
		{C1B64A64-4433-451A-9BE7-06A5D6574042}.Release|Any CPU.Build.0 = Release|Any CPU
	EndGlobalSection
	GlobalSection(SolutionProperties) = preSolution
		HideSolutionNode = FALSE
	EndGlobalSection
EndGlobal
